// !$*UTF8*$!
{
	archiveVersion = 1;
	classes = {
	};
	objectVersion = 46;
	objects = {

/* Begin PBXBuildFile section */
		AC8A7F131DC837F000328CC3 /* main.m in Sources */ = {isa = PBXBuildFile; fileRef = AC8A7F121DC837F000328CC3 /* main.m */; };
		AC8A7F161DC837F000328CC3 /* AppDelegate.m in Sources */ = {isa = PBXBuildFile; fileRef = AC8A7F151DC837F000328CC3 /* AppDelegate.m */; };
		AC8A7F191DC837F000328CC3 /* ViewController.m in Sources */ = {isa = PBXBuildFile; fileRef = AC8A7F181DC837F000328CC3 /* ViewController.m */; };
		AC8A7F1C1DC837F000328CC3 /* Main.storyboard in Resources */ = {isa = PBXBuildFile; fileRef = AC8A7F1A1DC837F000328CC3 /* Main.storyboard */; };
		AC8A7F1E1DC837F000328CC3 /* Assets.xcassets in Resources */ = {isa = PBXBuildFile; fileRef = AC8A7F1D1DC837F000328CC3 /* Assets.xcassets */; };
		AC8A7F211DC837F000328CC3 /* LaunchScreen.storyboard in Resources */ = {isa = PBXBuildFile; fileRef = AC8A7F1F1DC837F000328CC3 /* LaunchScreen.storyboard */; };
		AC8A7F2A1DC8472200328CC3 /* MFCoreTextView.m in Sources */ = {isa = PBXBuildFile; fileRef = AC8A7F291DC8472200328CC3 /* MFCoreTextView.m */; };
		AC8A7F2D1DC865F700328CC3 /* CoreText.framework in Frameworks */ = {isa = PBXBuildFile; fileRef = AC8A7F2C1DC865F700328CC3 /* CoreText.framework */; };
		AC8A7F301DC865FF00328CC3 /* CoreFoundation.framework in Frameworks */ = {isa = PBXBuildFile; fileRef = AC8A7F2E1DC865FF00328CC3 /* CoreFoundation.framework */; };
		AC8A7F311DC865FF00328CC3 /* Foundation.framework in Frameworks */ = {isa = PBXBuildFile; fileRef = AC8A7F2F1DC865FF00328CC3 /* Foundation.framework */; };
		AC8A7F331DC8660B00328CC3 /* UIKit.framework in Frameworks */ = {isa = PBXBuildFile; fileRef = AC8A7F321DC8660B00328CC3 /* UIKit.framework */; };
/* End PBXBuildFile section */

/* Begin PBXFileReference section */
		AC8A7F0E1DC837F000328CC3 /* CoreTextDemo.app */ = {isa = PBXFileReference; explicitFileType = wrapper.application; includeInIndex = 0; path = CoreTextDemo.app; sourceTree = BUILT_PRODUCTS_DIR; };
		AC8A7F121DC837F000328CC3 /* main.m */ = {isa = PBXFileReference; lastKnownFileType = sourcecode.c.objc; path = main.m; sourceTree = "<group>"; };
		AC8A7F141DC837F000328CC3 /* AppDelegate.h */ = {isa = PBXFileReference; lastKnownFileType = sourcecode.c.h; path = AppDelegate.h; sourceTree = "<group>"; };
		AC8A7F151DC837F000328CC3 /* AppDelegate.m */ = {isa = PBXFileReference; lastKnownFileType = sourcecode.c.objc; path = AppDelegate.m; sourceTree = "<group>"; };
		AC8A7F171DC837F000328CC3 /* ViewController.h */ = {isa = PBXFileReference; lastKnownFileType = sourcecode.c.h; path = ViewController.h; sourceTree = "<group>"; };
		AC8A7F181DC837F000328CC3 /* ViewController.m */ = {isa = PBXFileReference; lastKnownFileType = sourcecode.c.objc; path = ViewController.m; sourceTree = "<group>"; };
		AC8A7F1B1DC837F000328CC3 /* Base */ = {isa = PBXFileReference; lastKnownFileType = file.storyboard; name = Base; path = Base.lproj/Main.storyboard; sourceTree = "<group>"; };
		AC8A7F1D1DC837F000328CC3 /* Assets.xcassets */ = {isa = PBXFileReference; lastKnownFileType = folder.assetcatalog; path = Assets.xcassets; sourceTree = "<group>"; };
		AC8A7F201DC837F000328CC3 /* Base */ = {isa = PBXFileReference; lastKnownFileType = file.storyboard; name = Base; path = Base.lproj/LaunchScreen.storyboard; sourceTree = "<group>"; };
		AC8A7F221DC837F000328CC3 /* Info.plist */ = {isa = PBXFileReference; lastKnownFileType = text.plist.xml; path = Info.plist; sourceTree = "<group>"; };
		AC8A7F281DC8472200328CC3 /* MFCoreTextView.h */ = {isa = PBXFileReference; fileEncoding = 4; lastKnownFileType = sourcecode.c.h; path = MFCoreTextView.h; sourceTree = "<group>"; };
		AC8A7F291DC8472200328CC3 /* MFCoreTextView.m */ = {isa = PBXFileReference; fileEncoding = 4; lastKnownFileType = sourcecode.c.objc; path = MFCoreTextView.m; sourceTree = "<group>"; };
		AC8A7F2C1DC865F700328CC3 /* CoreText.framework */ = {isa = PBXFileReference; lastKnownFileType = wrapper.framework; name = CoreText.framework; path = System/Library/Frameworks/CoreText.framework; sourceTree = SDKROOT; };
		AC8A7F2E1DC865FF00328CC3 /* CoreFoundation.framework */ = {isa = PBXFileReference; lastKnownFileType = wrapper.framework; name = CoreFoundation.framework; path = System/Library/Frameworks/CoreFoundation.framework; sourceTree = SDKROOT; };
		AC8A7F2F1DC865FF00328CC3 /* Foundation.framework */ = {isa = PBXFileReference; lastKnownFileType = wrapper.framework; name = Foundation.framework; path = System/Library/Frameworks/Foundation.framework; sourceTree = SDKROOT; };
		AC8A7F321DC8660B00328CC3 /* UIKit.framework */ = {isa = PBXFileReference; lastKnownFileType = wrapper.framework; name = UIKit.framework; path = System/Library/Frameworks/UIKit.framework; sourceTree = SDKROOT; };
/* End PBXFileReference section */

/* Begin PBXFrameworksBuildPhase section */
		AC8A7F0B1DC837F000328CC3 /* Frameworks */ = {
			isa = PBXFrameworksBuildPhase;
			buildActionMask = 2147483647;
			files = (
				AC8A7F331DC8660B00328CC3 /* UIKit.framework in Frameworks */,
				AC8A7F301DC865FF00328CC3 /* CoreFoundation.framework in Frameworks */,
				AC8A7F311DC865FF00328CC3 /* Foundation.framework in Frameworks */,
				AC8A7F2D1DC865F700328CC3 /* CoreText.framework in Frameworks */,
			);
			runOnlyForDeploymentPostprocessing = 0;
		};
/* End PBXFrameworksBuildPhase section */

/* Begin PBXGroup section */
		AC8A7F051DC837F000328CC3 = {
			isa = PBXGroup;
			children = (
				AC8A7F101DC837F000328CC3 /* CoreTextDemo */,
				AC8A7F0F1DC837F000328CC3 /* Products */,
				AC8A7F2B1DC865F700328CC3 /* Frameworks */,
			);
			sourceTree = "<group>";
		};
		AC8A7F0F1DC837F000328CC3 /* Products */ = {
			isa = PBXGroup;
			children = (
				AC8A7F0E1DC837F000328CC3 /* CoreTextDemo.app */,
			);
			name = Products;
			sourceTree = "<group>";
		};
		AC8A7F101DC837F000328CC3 /* CoreTextDemo */ = {
			isa = PBXGroup;
			children = (
				AC8A7F141DC837F000328CC3 /* AppDelegate.h */,
				AC8A7F151DC837F000328CC3 /* AppDelegate.m */,
				AC8A7F171DC837F000328CC3 /* ViewController.h */,
				AC8A7F181DC837F000328CC3 /* ViewController.m */,
				AC8A7F281DC8472200328CC3 /* MFCoreTextView.h */,
				AC8A7F291DC8472200328CC3 /* MFCoreTextView.m */,
				AC8A7F1A1DC837F000328CC3 /* Main.storyboard */,
				AC8A7F1D1DC837F000328CC3 /* Assets.xcassets */,
				AC8A7F1F1DC837F000328CC3 /* LaunchScreen.storyboard */,
				AC8A7F221DC837F000328CC3 /* Info.plist */,
				AC8A7F111DC837F000328CC3 /* Supporting Files */,
			);
			path = CoreTextDemo;
			sourceTree = "<group>";
		};
		AC8A7F111DC837F000328CC3 /* Supporting Files */ = {
			isa = PBXGroup;
			children = (
				AC8A7F121DC837F000328CC3 /* main.m */,
			);
			name = "Supporting Files";
			sourceTree = "<group>";
		};
		AC8A7F2B1DC865F700328CC3 /* Frameworks */ = {
			isa = PBXGroup;
			children = (
				AC8A7F321DC8660B00328CC3 /* UIKit.framework */,
				AC8A7F2E1DC865FF00328CC3 /* CoreFoundation.framework */,
				AC8A7F2F1DC865FF00328CC3 /* Foundation.framework */,
				AC8A7F2C1DC865F700328CC3 /* CoreText.framework */,
			);
			name = Frameworks;
			sourceTree = "<group>";
		};
/* End PBXGroup section */

/* Begin PBXNativeTarget section */
		AC8A7F0D1DC837F000328CC3 /* CoreTextDemo */ = {
			isa = PBXNativeTarget;
			buildConfigurationList = AC8A7F251DC837F000328CC3 /* Build configuration list for PBXNativeTarget "CoreTextDemo" */;
			buildPhases = (
				AC8A7F0A1DC837F000328CC3 /* Sources */,
				AC8A7F0B1DC837F000328CC3 /* Frameworks */,
				AC8A7F0C1DC837F000328CC3 /* Resources */,
			);
			buildRules = (
			);
			dependencies = (
			);
			name = CoreTextDemo;
			productName = CoreTextDemo;
			productReference = AC8A7F0E1DC837F000328CC3 /* CoreTextDemo.app */;
			productType = "com.apple.product-type.application";
		};
/* End PBXNativeTarget section */

/* Begin PBXProject section */
		AC8A7F061DC837F000328CC3 /* Project object */ = {
			isa = PBXProject;
			attributes = {
				LastUpgradeCheck = 0800;
				ORGANIZATIONNAME = EEKA;
				TargetAttributes = {
					AC8A7F0D1DC837F000328CC3 = {
						CreatedOnToolsVersion = 8.0;
						DevelopmentTeam = 2C97V99SA2;
						ProvisioningStyle = Automatic;
					};
				};
			};
			buildConfigurationList = AC8A7F091DC837F000328CC3 /* Build configuration list for PBXProject "CoreTextDemo" */;
			compatibilityVersion = "Xcode 3.2";
			developmentRegion = English;
			hasScannedForEncodings = 0;
			knownRegions = (
				en,
				Base,
			);
			mainGroup = AC8A7F051DC837F000328CC3;
			productRefGroup = AC8A7F0F1DC837F000328CC3 /* Products */;
			projectDirPath = "";
			projectRoot = "";
			targets = (
				AC8A7F0D1DC837F000328CC3 /* CoreTextDemo */,
			);
		};
/* End PBXProject section */

/* Begin PBXResourcesBuildPhase section */
		AC8A7F0C1DC837F000328CC3 /* Resources */ = {
			isa = PBXResourcesBuildPhase;
			buildActionMask = 2147483647;
			files = (
				AC8A7F211DC837F000328CC3 /* LaunchScreen.storyboard in Resources */,
				AC8A7F1E1DC837F000328CC3 /* Assets.xcassets in Resources */,
				AC8A7F1C1DC837F000328CC3 /* Main.storyboard in Resources */,
			);
			runOnlyForDeploymentPostprocessing = 0;
		};
/* End PBXResourcesBuildPhase section */

/* Begin PBXSourcesBuildPhase section */
		AC8A7F0A1DC837F000328CC3 /* Sources */ = {
			isa = PBXSourcesBuildPhase;
			buildActionMask = 2147483647;
			files = (
				AC8A7F191DC837F000328CC3 /* ViewController.m in Sources */,
				AC8A7F161DC837F000328CC3 /* AppDelegate.m in Sources */,
				AC8A7F131DC837F000328CC3 /* main.m in Sources */,
				AC8A7F2A1DC8472200328CC3 /* MFCoreTextView.m in Sources */,
			);
			runOnlyForDeploymentPostprocessing = 0;
		};
/* End PBXSourcesBuildPhase section */

/* Begin PBXVariantGroup section */
		AC8A7F1A1DC837F000328CC3 /* Main.storyboard */ = {
			isa = PBXVariantGroup;
			children = (
				AC8A7F1B1DC837F000328CC3 /* Base */,
			);
			name = Main.storyboard;
			sourceTree = "<group>";
		};
		AC8A7F1F1DC837F000328CC3 /* LaunchScreen.storyboard */ = {
			isa = PBXVariantGroup;
			children = (
				AC8A7F201DC837F000328CC3 /* Base */,
			);
			name = LaunchScreen.storyboard;
			sourceTree = "<group>";
		};
/* End PBXVariantGroup section */

/* Begin XCBuildConfiguration section */
		AC8A7F231DC837F000328CC3 /* Debug */ = {
			isa = XCBuildConfiguration;
			buildSettings = {
				ALWAYS_SEARCH_USER_PATHS = NO;
				CLANG_ANALYZER_NONNULL = YES;
				CLANG_CXX_LANGUAGE_STANDARD = "gnu++0x";
				CLANG_CXX_LIBRARY = "libc++";
				CLANG_ENABLE_MODULES = YES;
				CLANG_ENABLE_OBJC_ARC = YES;
				CLANG_WARN_BOOL_CONVERSION = YES;
				CLANG_WARN_CONSTANT_CONVERSION = YES;
				CLANG_WARN_DIRECT_OBJC_ISA_USAGE = YES_ERROR;
				CLANG_WARN_DOCUMENTATION_COMMENTS = YES;
				CLANG_WARN_EMPTY_BODY = YES;
				CLANG_WARN_ENUM_CONVERSION = YES;
				CLANG_WARN_INFINITE_RECURSION = YES;
				CLANG_WARN_INT_CONVERSION = YES;
				CLANG_WARN_OBJC_ROOT_CLASS = YES_ERROR;
				CLANG_WARN_SUSPICIOUS_MOVES = YES;
				CLANG_WARN_UNREACHABLE_CODE = YES;
				CLANG_WARN__DUPLICATE_METHOD_MATCH = YES;
				"CODE_SIGN_IDENTITY[sdk=iphoneos*]" = "iPhone Developer";
				COPY_PHASE_STRIP = NO;
				DEBUG_INFORMATION_FORMAT = dwarf;
				ENABLE_STRICT_OBJC_MSGSEND = YES;
				ENABLE_TESTABILITY = YES;
				GCC_C_LANGUAGE_STANDARD = gnu99;
				GCC_DYNAMIC_NO_PIC = NO;
				GCC_NO_COMMON_BLOCKS = YES;
				GCC_OPTIMIZATION_LEVEL = 0;
				GCC_PREPROCESSOR_DEFINITIONS = (
					"DEBUG=1",
					"$(inherited)",
				);
				GCC_WARN_64_TO_32_BIT_CONVERSION = YES;
				GCC_WARN_ABOUT_RETURN_TYPE = YES_ERROR;
				GCC_WARN_UNDECLARED_SELECTOR = YES;
				GCC_WARN_UNINITIALIZED_AUTOS = YES_AGGRESSIVE;
				GCC_WARN_UNUSED_FUNCTION = YES;
				GCC_WARN_UNUSED_VARIABLE = YES;
				IPHONEOS_DEPLOYMENT_TARGET = 8.0;
				MTL_ENABLE_DEBUG_INFO = YES;
				ONLY_ACTIVE_ARCH = YES;
				SDKROOT = iphoneos;
				TARGETED_DEVICE_FAMILY = "1,2";
			};
			name = Debug;
		};
		AC8A7F241DC837F000328CC3 /* Release */ = {
			isa = XCBuildConfiguration;
			buildSettings = {
				ALWAYS_SEARCH_USER_PATHS = NO;
				CLANG_ANALYZER_NONNULL = YES;
				CLANG_CXX_LANGUAGE_STANDARD = "gnu++0x";
				CLANG_CXX_LIBRARY = "libc++";
				CLANG_ENABLE_MODULES = YES;
				CLANG_ENABLE_OBJC_ARC = YES;
				CLANG_WARN_BOOL_CONVERSION = YES;
				CLANG_WARN_CONSTANT_CONVERSION = YES;
				CLANG_WARN_DIRECT_OBJC_ISA_USAGE = YES_ERROR;
				CLANG_WARN_DOCUMENTATION_COMMENTS = YES;
				CLANG_WARN_EMPTY_BODY = YES;
				CLANG_WARN_ENUM_CONVERSION = YES;
				CLANG_WARN_INFINITE_RECURSION = YES;
				CLANG_WARN_INT_CONVERSION = YES;
				CLANG_WARN_OBJC_ROOT_CLASS = YES_ERROR;
				CLANG_WARN_SUSPICIOUS_MOVES = YES;
				CLANG_WARN_UNREACHABLE_CODE = YES;
				CLANG_WARN__DUPLICATE_METHOD_MATCH = YES;
				"CODE_SIGN_IDENTITY[sdk=iphoneos*]" = "iPhone Developer";
				COPY_PHASE_STRIP = NO;
				DEBUG_INFORMATION_FORMAT = "dwarf-with-dsym";
				ENABLE_NS_ASSERTIONS = NO;
				ENABLE_STRICT_OBJC_MSGSEND = YES;
				GCC_C_LANGUAGE_STANDARD = gnu99;
				GCC_NO_COMMON_BLOCKS = YES;
				GCC_WARN_64_TO_32_BIT_CONVERSION = YES;
				GCC_WARN_ABOUT_RETURN_TYPE = YES_ERROR;
				GCC_WARN_UNDECLARED_SELECTOR = YES;
				GCC_WARN_UNINITIALIZED_AUTOS = YES_AGGRESSIVE;
				GCC_WARN_UNUSED_FUNCTION = YES;
				GCC_WARN_UNUSED_VARIABLE = YES;
				IPHONEOS_DEPLOYMENT_TARGET = 8.0;
				MTL_ENABLE_DEBUG_INFO = NO;
				SDKROOT = iphoneos;
				TARGETED_DEVICE_FAMILY = "1,2";
				VALIDATE_PRODUCT = YES;
			};
			name = Release;
		};
		AC8A7F261DC837F000328CC3 /* Debug */ = {
			isa = XCBuildConfiguration;
			buildSettings = {
				ASSETCATALOG_COMPILER_APPICON_NAME = AppIcon;
				DEVELOPMENT_TEAM = 2C97V99SA2;
				INFOPLIST_FILE = CoreTextDemo/Info.plist;
				IPHONEOS_DEPLOYMENT_TARGET = 8.0;
				LD_RUNPATH_SEARCH_PATHS = "$(inherited) @executable_path/Frameworks";
				PRODUCT_BUNDLE_IDENTIFIER = com.CoreTextDemo;
				PRODUCT_NAME = "$(TARGET_NAME)";
			};
			name = Debug;
		};
		AC8A7F271DC837F000328CC3 /* Release */ = {
			isa = XCBuildConfiguration;
			buildSettings = {
				ASSETCATALOG_COMPILER_APPICON_NAME = AppIcon;
				DEVELOPMENT_TEAM = 2C97V99SA2;
				INFOPLIST_FILE = CoreTextDemo/Info.plist;
				IPHONEOS_DEPLOYMENT_TARGET = 8.0;
				LD_RUNPATH_SEARCH_PATHS = "$(inherited) @executable_path/Frameworks";
				PRODUCT_BUNDLE_IDENTIFIER = com.CoreTextDemo;
				PRODUCT_NAME = "$(TARGET_NAME)";
			};
			name = Release;
		};
/* End XCBuildConfiguration section */

/* Begin XCConfigurationList section */
		AC8A7F091DC837F000328CC3 /* Build configuration list for PBXProject "CoreTextDemo" */ = {
			isa = XCConfigurationList;
			buildConfigurations = (
				AC8A7F231DC837F000328CC3 /* Debug */,
				AC8A7F241DC837F000328CC3 /* Release */,
			);
			defaultConfigurationIsVisible = 0;
			defaultConfigurationName = Release;
		};
		AC8A7F251DC837F000328CC3 /* Build configuration list for PBXNativeTarget "CoreTextDemo" */ = {
			isa = XCConfigurationList;
			buildConfigurations = (
				AC8A7F261DC837F000328CC3 /* Debug */,
				AC8A7F271DC837F000328CC3 /* Release */,
			);
			defaultConfigurationIsVisible = 0;
			defaultConfigurationName = Release;
		};
/* End XCConfigurationList section */
	};
	rootObject = AC8A7F061DC837F000328CC3 /* Project object */;
}
